{
  "commit": "5fb9f340b19ba22304870bde9799eee1398f3f27",
  "working_tree_dirty": true,
  "dirty_files": [
    "LAUDE.md",
    "docs/codemap/model.mjs",
    "vite.config.ts"
  ],
  "generated_at": "2026-09-21T12:19:27.488Z",
  "scanned_scope": [
    "src/",
    "cli/",
    "server/",
    "deploy/",
    ".github/workflows/",
    "index.html",
    "vite.config.ts"
  ],
  "excluded_directories": [
    "node_modules/",
    "dist/",
    "dist-node/",
    "coverage/",
    ".git/",
    ".superpowers/",
    "docs/",
    "package.json",
    "package-lock.json",
    "tsconfig.json",
    "tsconfig.node.json"
  ],
  "scanned_files": 76,
  "fingerprint_algorithm": "sha256(sorted(\"<path>\u0000\" + sha256(file bytes; текст нормализован к LF)))",
  "modules": {
    "web-app": {
      "path": "src/App.tsx",
      "external": false,
      "files": [
        "index.html",
        "src/App.tsx",
        "src/index.css",
        "src/main.tsx",
        "vite.config.ts"
      ],
      "fingerprint": "2ea5f7e3b220f00bfe20ff68d8071ad5dd2677dc9c98c7cfa68d0c23af878bfb"
    },
    "web-sky": {
      "path": "src/components/Sky.tsx",
      "external": false,
      "files": [
        "src/components/BgStars.tsx",
        "src/components/CosmosBackdrop.tsx",
        "src/components/Galaxy.tsx",
        "src/components/GalaxyHud.tsx",
        "src/components/GalaxyView.tsx",
        "src/components/Sky.tsx",
        "src/components/StarCard.tsx",
        "src/components/skyColors.test.ts",
        "src/components/skyColors.ts",
        "src/components/skyField.test.ts",
        "src/components/skyField.ts",
        "src/components/skyGlyphs.ts",
        "src/hooks/usePanZoom.ts"
      ],
      "fingerprint": "6ece1cf4ef3e0588b953d053170143984f86c9511823d2493a85454ecee8c259"
    },
    "web-panels": {
      "path": "src/components/Journal.tsx",
      "external": false,
      "files": [
        "src/components/Chronicle.tsx",
        "src/components/Journal.tsx",
        "src/components/LevelUpOverlay.tsx",
        "src/components/QuestRow.tsx",
        "src/components/SkillPanel.tsx",
        "src/components/Wallet.tsx"
      ],
      "fingerprint": "eeac6f1125bd7708d5f3c4d3f078e0bf23767e1ac15362a55540a1c4e9bd9456"
    },
    "web-modals": {
      "path": "src/components/Modals.tsx",
      "external": false,
      "files": [
        "src/components/Modals.tsx"
      ],
      "fingerprint": "8358492a3ab97c81640f0d2dd9265f78fc778d5eb10374a73af0e7cda7dafb1c"
    },
    "web-usestore": {
      "path": "src/hooks/useStore.ts",
      "external": false,
      "files": [
        "src/hooks/useStore.ts"
      ],
      "fingerprint": "dcf61c5f0eabb0fc57b14c850125e36d5235a81f9e37bba7ee1b079b8e697c8e"
    },
    "web-sync": {
      "path": "src/logic/sync.ts",
      "external": false,
      "files": [
        "src/logic/api.ts",
        "src/logic/sync.test.ts",
        "src/logic/sync.ts"
      ],
      "fingerprint": "b5543543ed5e9d8e486c1fab692724c671e92a35aea2e068fb1647dec9b9db68"
    },
    "core-store": {
      "path": "src/logic/store.ts",
      "external": false,
      "files": [
        "src/data/seed.test.ts",
        "src/data/seed.ts",
        "src/logic/economy.test.ts",
        "src/logic/store.test.ts",
        "src/logic/store.ts"
      ],
      "fingerprint": "e7e05da2d70d02796f790b9d5a67bdc447180db3d8dd5757d417140e51ecf679"
    },
    "core-sparks": {
      "path": "src/logic/sparks.ts",
      "external": false,
      "files": [
        "src/logic/economy.test.ts",
        "src/logic/sparks.test.ts",
        "src/logic/sparks.ts"
      ],
      "fingerprint": "f55f486c2019ece20416f283e3a1c92c1416e8c0c3c92fb5a6b8aef4d129c198"
    },
    "core-stars": {
      "path": "src/logic/stars.ts",
      "external": false,
      "files": [
        "src/logic/stars.test.ts",
        "src/logic/stars.ts"
      ],
      "fingerprint": "13992da85cb597525720e4667fb0d780c9f449e219121eff14d492c1ad8ab88b"
    },
    "core-progress": {
      "path": "src/logic/selectors.ts",
      "external": false,
      "files": [
        "src/logic/recurring.test.ts",
        "src/logic/recurring.ts",
        "src/logic/selectors.test.ts",
        "src/logic/selectors.ts",
        "src/logic/stats.test.ts",
        "src/logic/stats.ts",
        "src/logic/xp.test.ts",
        "src/logic/xp.ts"
      ],
      "fingerprint": "0a15eafd3aaed0ae8ea0de72cae876934df0eb4b892f8944a708ac77dc0b8f10"
    },
    "core-validate": {
      "path": "src/logic/validate.ts",
      "external": false,
      "files": [
        "src/logic/migrate.test.ts",
        "src/logic/migrate.ts",
        "src/logic/validate.test.ts",
        "src/logic/validate.ts"
      ],
      "fingerprint": "e3e2d21f188a2f9b883a73f0240b66cc3b517d9adb7916458127664147f98e16"
    },
    "core-layout": {
      "path": "src/logic/layout.ts",
      "external": false,
      "files": [
        "src/logic/layout.test.ts",
        "src/logic/layout.ts"
      ],
      "fingerprint": "2e1ac2decdf2a336a67dcef94a21a9c9eb364ddd8c3afd0c8f8405bfaf9928f1"
    },
    "core-model": {
      "path": "src/types.ts",
      "external": false,
      "files": [
        "src/logic/dates.test.ts",
        "src/logic/dates.ts",
        "src/types.ts"
      ],
      "fingerprint": "600a535a509ad3bdfaa6a273d8af6b573c02c0ce453db55ac2c408346546446e"
    },
    "core-storage": {
      "path": "src/logic/storage.ts",
      "external": false,
      "files": [
        "src/logic/storage.test.ts",
        "src/logic/storage.ts"
      ],
      "fingerprint": "f539be785900a03620abf1f3f7aef8dd4c5b5d25935613e58e646a2e13c884f6"
    },
    "server": {
      "path": "server/app.ts",
      "external": false,
      "files": [
        "server/app.test.ts",
        "server/app.ts",
        "server/main.ts"
      ],
      "fingerprint": "5b79d5c20a604118d693ed32674fea3656b1bcfb5110a7bdcc662d8d34ef8859"
    },
    "cli": {
      "path": "cli/app.ts",
      "external": false,
      "files": [
        "cli/app.test.ts",
        "cli/app.ts",
        "cli/helpers.test.ts",
        "cli/helpers.ts",
        "cli/main.ts",
        "cli/smoke.test.ts"
      ],
      "fingerprint": "ce8982563a07ead74829dda8503cc088d0285dffd12c64768471dd75620cf0e0"
    },
    "store-json": {
      "path": null,
      "external": true,
      "files": [],
      "fingerprint": null
    },
    "browser-localstorage": {
      "path": null,
      "external": true,
      "files": [],
      "fingerprint": null
    },
    "infra-deploy": {
      "path": "deploy/docker-compose.yml",
      "external": false,
      "files": [
        ".github/workflows/ci.yml",
        ".github/workflows/deploy.yml",
        ".github/workflows/release.yml",
        "deploy/Caddyfile.example",
        "deploy/docker-compose.yml",
        "deploy/stargaze-wrapper.sh"
      ],
      "fingerprint": "f830877888756a47b498808610758d7391a8a53272ad5847c3049cd40246297b"
    }
  },
  "previous": {
    "commit": "75c55a56e18af027b77bb81b9742d58729a670a8",
    "generated_at": "2026-09-21T12:02:39.546Z",
    "changed_modules": [
      "web-app"
    ],
    "new_modules": [],
    "removed_modules": []
  },
  "unknowns": [
    "web-app: прямых тестов нет",
    "web-panels: прямых тестов нет",
    "web-modals: прямых тестов нет",
    "web-usestore: прямых тестов нет",
    "store-json: внешняя система — файлов в репозитории нет, доказательства косвенные (src/logic/storage.ts, src/logic/storage.ts)",
    "browser-localstorage: внешняя система — файлов в репозитории нет, доказательства косвенные (src/logic/migrate.ts, src/logic/sync.ts)",
    "infra-deploy: прямых тестов нет"
  ]
}
