{
  "commit": "60c09e3251d719cfd0957b0443f0f763b3d34d86",
  "working_tree_dirty": true,
  "dirty_files": [
    "ocs/codemap/model.mjs"
  ],
  "generated_at": "2026-09-22T03:20:51.762Z",
  "scanned_scope": [
    "src/",
    "cli/",
    "server/",
    "deploy/",
    ".github/workflows/",
    "index.html",
    "vite.config.ts"
  ],
  "excluded_directories": [
    "node_modules/",
    "dist/",
    "dist-node/",
    "coverage/",
    ".git/",
    ".superpowers/",
    "docs/",
    "package.json",
    "package-lock.json",
    "tsconfig.json",
    "tsconfig.node.json"
  ],
  "scanned_files": 77,
  "fingerprint_algorithm": "sha256(sorted(\"<path>\u0000\" + sha256(file bytes; текст нормализован к LF)))",
  "modules": {
    "web-app": {
      "path": "src/App.tsx",
      "external": false,
      "files": [
        "index.html",
        "src/App.tsx",
        "src/index.css",
        "src/main.tsx",
        "vite.config.ts"
      ],
      "fingerprint": "5a6353281da0c5bdea72b6500fec14924eaad708508143bc1ac2cd230f00c129"
    },
    "web-sky": {
      "path": "src/components/Sky.tsx",
      "external": false,
      "files": [
        "src/components/CosmosBackdrop.tsx",
        "src/components/Galaxy.tsx",
        "src/components/GalaxyHud.tsx",
        "src/components/GalaxyView.tsx",
        "src/components/Sky.tsx",
        "src/components/StarCard.tsx",
        "src/components/TimelineBar.tsx",
        "src/components/skyColors.test.ts",
        "src/components/skyColors.ts",
        "src/components/skyGlyphs.ts",
        "src/components/skyHistory.test.tsx",
        "src/hooks/usePanZoom.ts"
      ],
      "fingerprint": "86bf37b2198a48acbb8d73cf511c890ef237023b795a2ac3e09dd7ba2a9d0a3f"
    },
    "web-panels": {
      "path": "src/components/Journal.tsx",
      "external": false,
      "files": [
        "src/components/Chronicle.tsx",
        "src/components/Journal.tsx",
        "src/components/LevelUpOverlay.tsx",
        "src/components/QuestRow.tsx",
        "src/components/SkillPanel.tsx",
        "src/components/Wallet.tsx"
      ],
      "fingerprint": "7be4fa670729cb86e05e10e1e7ee41ec13ec0b080fb4684eada627322ea42d55"
    },
    "web-modals": {
      "path": "src/components/Modals.tsx",
      "external": false,
      "files": [
        "src/components/Modals.tsx"
      ],
      "fingerprint": "ec6e99f7a335204e7ad9a24b250abd052c5f608916a79a3d7cecda80646c37fc"
    },
    "web-usestore": {
      "path": "src/hooks/useStore.ts",
      "external": false,
      "files": [
        "src/hooks/useStore.ts"
      ],
      "fingerprint": "dcf61c5f0eabb0fc57b14c850125e36d5235a81f9e37bba7ee1b079b8e697c8e"
    },
    "web-sync": {
      "path": "src/logic/sync.ts",
      "external": false,
      "files": [
        "src/logic/api.ts",
        "src/logic/sync.test.ts",
        "src/logic/sync.ts"
      ],
      "fingerprint": "a2e4d04ee15c4f7e00ba54c23b9dd9fd481f6473f4517b578518a4016fd81694"
    },
    "core-store": {
      "path": "src/logic/store.ts",
      "external": false,
      "files": [
        "src/data/seed.test.ts",
        "src/data/seed.ts",
        "src/logic/economy.test.ts",
        "src/logic/store.test.ts",
        "src/logic/store.ts"
      ],
      "fingerprint": "90eff0a7c4d4c9d926072a90fd8d7b4fee34413822acaec8b61dbe9d871f6c0b"
    },
    "core-sparks": {
      "path": "src/logic/sparks.ts",
      "external": false,
      "files": [
        "src/logic/economy.test.ts",
        "src/logic/sparks.test.ts",
        "src/logic/sparks.ts"
      ],
      "fingerprint": "f55f486c2019ece20416f283e3a1c92c1416e8c0c3c92fb5a6b8aef4d129c198"
    },
    "core-stars": {
      "path": "src/logic/stars.ts",
      "external": false,
      "files": [
        "src/logic/stars.test.ts",
        "src/logic/stars.ts"
      ],
      "fingerprint": "5f2243a15e88a89363a0e0262ca9370a3caf3770f7db766e003d4e3f19124a4a"
    },
    "core-progress": {
      "path": "src/logic/selectors.ts",
      "external": false,
      "files": [
        "src/logic/recurring.test.ts",
        "src/logic/recurring.ts",
        "src/logic/selectors.test.ts",
        "src/logic/selectors.ts",
        "src/logic/stats.test.ts",
        "src/logic/stats.ts",
        "src/logic/xp.test.ts",
        "src/logic/xp.ts"
      ],
      "fingerprint": "81d03c695de7fec543f1f4a046d1cc26291b8794cc99133c8aadd91fe0bcd49d"
    },
    "core-validate": {
      "path": "src/logic/validate.ts",
      "external": false,
      "files": [
        "src/logic/migrate.test.ts",
        "src/logic/migrate.ts",
        "src/logic/validate.test.ts",
        "src/logic/validate.ts"
      ],
      "fingerprint": "54d67f0b145fcb4d8a47c6f9014b2aff197325730f0ec353b14eeeca9f1a382a"
    },
    "core-layout": {
      "path": "src/logic/layout.ts",
      "external": false,
      "files": [
        "src/logic/layout.test.ts",
        "src/logic/layout.ts"
      ],
      "fingerprint": "2e1ac2decdf2a336a67dcef94a21a9c9eb364ddd8c3afd0c8f8405bfaf9928f1"
    },
    "core-timeline": {
      "path": "src/logic/timeline.ts",
      "external": false,
      "files": [
        "src/logic/timeline.test.ts",
        "src/logic/timeline.ts"
      ],
      "fingerprint": "37929d9d85e05ca2a74cb71c54a9aa179c6974270bdf122c50b28949f23e5c54"
    },
    "core-model": {
      "path": "src/types.ts",
      "external": false,
      "files": [
        "src/logic/dates.test.ts",
        "src/logic/dates.ts",
        "src/types.ts"
      ],
      "fingerprint": "0c907dacd9ee0c859a9431dfd3fbfa7d1839758c7c41d8ba019ed42be0f4d51e"
    },
    "core-storage": {
      "path": "src/logic/storage.ts",
      "external": false,
      "files": [
        "src/logic/storage.test.ts",
        "src/logic/storage.ts"
      ],
      "fingerprint": "f539be785900a03620abf1f3f7aef8dd4c5b5d25935613e58e646a2e13c884f6"
    },
    "server": {
      "path": "server/app.ts",
      "external": false,
      "files": [
        "server/app.test.ts",
        "server/app.ts",
        "server/main.ts"
      ],
      "fingerprint": "5b79d5c20a604118d693ed32674fea3656b1bcfb5110a7bdcc662d8d34ef8859"
    },
    "cli": {
      "path": "cli/app.ts",
      "external": false,
      "files": [
        "cli/app.test.ts",
        "cli/app.ts",
        "cli/helpers.test.ts",
        "cli/helpers.ts",
        "cli/main.ts",
        "cli/smoke.test.ts"
      ],
      "fingerprint": "e8cf7cd76733d889fba441018d2e2bf4987ca31ce06725b75197c40ef0258f9e"
    },
    "store-json": {
      "path": null,
      "external": true,
      "files": [],
      "fingerprint": null
    },
    "browser-localstorage": {
      "path": null,
      "external": true,
      "files": [],
      "fingerprint": null
    },
    "infra-deploy": {
      "path": "deploy/docker-compose.yml",
      "external": false,
      "files": [
        ".github/workflows/ci.yml",
        ".github/workflows/deploy.yml",
        ".github/workflows/release.yml",
        "deploy/Caddyfile.example",
        "deploy/docker-compose.yml",
        "deploy/stargaze-wrapper.sh"
      ],
      "fingerprint": "f830877888756a47b498808610758d7391a8a53272ad5847c3049cd40246297b"
    }
  },
  "previous": {
    "commit": "299b4bb006b63f703406f1992c83183c81db90b6",
    "generated_at": "2026-09-21T19:21:44.810Z",
    "changed_modules": [
      "web-app",
      "web-sky",
      "core-timeline"
    ],
    "new_modules": [],
    "removed_modules": []
  },
  "unknowns": [
    "web-app: прямых тестов нет",
    "web-panels: прямых тестов нет",
    "web-modals: прямых тестов нет",
    "web-usestore: прямых тестов нет",
    "store-json: внешняя система — файлов в репозитории нет, доказательства косвенные (src/logic/storage.ts, src/logic/storage.ts)",
    "browser-localstorage: внешняя система — файлов в репозитории нет, доказательства косвенные (src/logic/migrate.ts, src/logic/sync.ts)",
    "infra-deploy: прямых тестов нет"
  ]
}
